{
  "version": 4,
  "terraform_version": "1.4.5",
  "serial": 17,
  "lineage": "a71e72fc-e34f-8362-aecc-489298c0f95a",
  "outputs": {
    "jenkins_ip": {
      "value": "167.172.140.187",
      "type": "string"
    }
  },
  "resources": [
    {
      "mode": "data",
      "type": "digitalocean_ssh_key",
      "name": "ssh_key",
      "provider": "provider[\"registry.terraform.io/digitalocean/digitalocean\"]",
      "instances": [
        {
          "schema_version": 0,
          "attributes": {
            "fingerprint": "3d:05:70:5a:c2:c5:28:72:3e:49:fa:31:09:2b:3e:dc",
            "id": 38062297,
            "name": "jornada",
            "public_key": "ssh-rsa AAAAB3NzaC1yc2EAAAADAQABAAABAQC2hDlKOYgty/7rn7eWXsZ9BiLBfDoX/krXZgtixn+8fBmno0klLkNe4WEy3lixQkHksgsATpEeQYs2mjkN7buMQkapvKl8IticgjWbeyxsaPJkBjc0lDib92BJ++3N5yfsIOPm+yldY25ebawSpSg/u0PI2/DdZpUFSec9O+oQUJuXsVBQ5X9YKUTDbbsvO/S7n3ZaiwHe2Qb9YrG8uoKAP2va6P4oUdIstBuhxT1nqb2raVv7Uu18LvXmoTxyZL31Cr2/QCaXccElVZuSzikTWKgx0gf0BOzsJj9UIyD+7VIBfm62i3LBIlEbYUZ/k9Q98qcJlPwhxjxtf7RI3lgD usuario@DESKTOP-IQSB0IP"
          },
          "sensitive_attributes": []
        }
      ]
    },
    {
      "mode": "managed",
      "type": "digitalocean_droplet",
      "name": "jenkins",
      "provider": "provider[\"registry.terraform.io/digitalocean/digitalocean\"]",
      "instances": [
        {
          "schema_version": 1,
          "attributes": {
            "backups": false,
            "created_at": "2023-04-16T22:27:58Z",
            "disk": 60,
            "droplet_agent": null,
            "graceful_shutdown": false,
            "id": "351024497",
            "image": "ubuntu-22-04-x64",
            "ipv4_address": "167.172.140.187",
            "ipv4_address_private": "10.116.0.2",
            "ipv6": false,
            "ipv6_address": "",
            "locked": false,
            "memory": 2048,
            "monitoring": false,
            "name": "jenkins",
            "price_hourly": 0.02679,
            "price_monthly": 18,
            "private_networking": true,
            "region": "nyc1",
            "resize_disk": true,
            "size": "s-2vcpu-2gb",
            "ssh_keys": [
              "38062297"
            ],
            "status": "active",
            "tags": null,
            "timeouts": null,
            "urn": "do:droplet:351024497",
            "user_data": null,
            "vcpus": 2,
            "volume_ids": [],
            "vpc_uuid": "a11894ef-b4f0-49a8-88f0-c107a7250249"
          },
          "sensitive_attributes": [],
          "private": "eyJlMmJmYjczMC1lY2FhLTExZTYtOGY4OC0zNDM2M2JjN2M0YzAiOnsiY3JlYXRlIjozNjAwMDAwMDAwMDAwLCJkZWxldGUiOjYwMDAwMDAwMDAwLCJ1cGRhdGUiOjM2MDAwMDAwMDAwMDB9LCJzY2hlbWFfdmVyc2lvbiI6IjEifQ==",
          "dependencies": [
            "data.digitalocean_ssh_key.ssh_key"
          ]
        }
      ]
    },
    {
      "mode": "managed",
      "type": "local_file",
      "name": "kube_config",
      "provider": "provider[\"registry.terraform.io/hashicorp/local\"]",
      "instances": []
    }
  ],
  "check_results": null
}
